
Microsoft Visual Studio Solution File, Format Version 12.00
# Visual Studio Version 17
VisualStudioVersion = 17.7.34031.279
MinimumVisualStudioVersion = 10.0.40219.1
Project("{FAE04EC0-301F-11D3-BF4B-00C04F79EFBC}") = "ExchangeApp", "ExchangeApp.csproj", "{B3BD8E8A-0235-470A-AFBF-91996DC56D06}"
EndProject
Project("{FAE04EC0-301F-11D3-BF4B-00C04F79EFBC}") = "CompanyExchangeApp.Business", "..\CompanyExchangeApp.Business\CompanyExchangeApp.Business.csproj", "{61288F34-2757-49F0-9618-375E53CAE53E}"
EndProject
Project("{2150E333-8FDC-42A3-9474-1A3956D46DE8}") = "Modules", "Modules", "{E2317ABB-B693-4D15-9FB8-156B22E25E12}"
EndProject
Project("{FAE04EC0-301F-11D3-BF4B-00C04F79EFBC}") = "CompanyExchangeApp.Landing", "..\CompanyExchangeApp.Landing\CompanyExchangeApp.Landing.csproj", "{EB5B3CEB-51D3-41F0-8416-B101F1FFCF20}"
EndProject
Project("{FAE04EC0-301F-11D3-BF4B-00C04F79EFBC}") = "CompanyExchangeApp.Dialog", "..\CompanyExchangeApp.Dialog\CompanyExchangeApp.Dialog.csproj", "{07A82C68-3160-4C6B-80B4-5C0660ECADDD}"
EndProject
Global
	GlobalSection(SolutionConfigurationPlatforms) = preSolution
		Debug|Any CPU = Debug|Any CPU
		Release|Any CPU = Release|Any CPU
	EndGlobalSection
	GlobalSection(ProjectConfigurationPlatforms) = postSolution
		{B3BD8E8A-0235-470A-AFBF-91996DC56D06}.Debug|Any CPU.ActiveCfg = Debug|Any CPU
		{B3BD8E8A-0235-470A-AFBF-91996DC56D06}.Debug|Any CPU.Build.0 = Debug|Any CPU
		{B3BD8E8A-0235-470A-AFBF-91996DC56D06}.Release|Any CPU.ActiveCfg = Release|Any CPU
		{B3BD8E8A-0235-470A-AFBF-91996DC56D06}.Release|Any CPU.Build.0 = Release|Any CPU
		{61288F34-2757-49F0-9618-375E53CAE53E}.Debug|Any CPU.ActiveCfg = Debug|Any CPU
		{61288F34-2757-49F0-9618-375E53CAE53E}.Debug|Any CPU.Build.0 = Debug|Any CPU
		{61288F34-2757-49F0-9618-375E53CAE53E}.Release|Any CPU.ActiveCfg = Release|Any CPU
		{61288F34-2757-49F0-9618-375E53CAE53E}.Release|Any CPU.Build.0 = Release|Any CPU
		{EB5B3CEB-51D3-41F0-8416-B101F1FFCF20}.Debug|Any CPU.ActiveCfg = Debug|Any CPU
		{EB5B3CEB-51D3-41F0-8416-B101F1FFCF20}.Debug|Any CPU.Build.0 = Debug|Any CPU
		{EB5B3CEB-51D3-41F0-8416-B101F1FFCF20}.Release|Any CPU.ActiveCfg = Release|Any CPU
		{EB5B3CEB-51D3-41F0-8416-B101F1FFCF20}.Release|Any CPU.Build.0 = Release|Any CPU
		{07A82C68-3160-4C6B-80B4-5C0660ECADDD}.Debug|Any CPU.ActiveCfg = Debug|Any CPU
		{07A82C68-3160-4C6B-80B4-5C0660ECADDD}.Debug|Any CPU.Build.0 = Debug|Any CPU
		{07A82C68-3160-4C6B-80B4-5C0660ECADDD}.Release|Any CPU.ActiveCfg = Release|Any CPU
		{07A82C68-3160-4C6B-80B4-5C0660ECADDD}.Release|Any CPU.Build.0 = Release|Any CPU
	EndGlobalSection
	GlobalSection(SolutionProperties) = preSolution
		HideSolutionNode = FALSE
	EndGlobalSection
	GlobalSection(NestedProjects) = preSolution
		{EB5B3CEB-51D3-41F0-8416-B101F1FFCF20} = {E2317ABB-B693-4D15-9FB8-156B22E25E12}
		{07A82C68-3160-4C6B-80B4-5C0660ECADDD} = {E2317ABB-B693-4D15-9FB8-156B22E25E12}
	EndGlobalSection
	GlobalSection(ExtensibilityGlobals) = postSolution
		SolutionGuid = {CB203CF2-3DB7-45C5-978D-16B7D433E0ED}
	EndGlobalSection
EndGlobal
